
Microsoft Visual Studio Solution File, Format Version 12.00
# Visual Studio Version 16
VisualStudioVersion = 16.0.29411.108
MinimumVisualStudioVersion = 10.0.40219.1
Project("{9A19103F-16F7-4668-BE54-9A1E7A4F7556}") = "IdentityServer.Api", "src\IdentityServer.Api\IdentityServer.Api.csproj", "{CD3E367E-3EE5-4D49-B2B6-124FD95C1938}"
EndProject
Project("{9A19103F-16F7-4668-BE54-9A1E7A4F7556}") = "IdentityServer.Core", "src\IdentityServer.Core\IdentityServer.Core.csproj", "{787315C5-622C-4589-9529-0162F0B00F07}"
EndProject
Project("{9A19103F-16F7-4668-BE54-9A1E7A4F7556}") = "IdentityServer.Infrastructure", "src\IdentityServer.Infrastructure\IdentityServer.Infrastructure.csproj", "{74F20C05-4C28-4602-B921-7828858D8137}"
EndProject
Project("{9A19103F-16F7-4668-BE54-9A1E7A4F7556}") = "Api1", "samples\Api1\Api1.csproj", "{3E636DB0-995F-4675-A2DE-8390490CB063}"
EndProject
Project("{9A19103F-16F7-4668-BE54-9A1E7A4F7556}") = "Api2", "samples\Api2\Api2.csproj", "{54C86088-F5CC-4D48-A890-FE03413C4F38}"
EndProject
Project("{2150E333-8FDC-42A3-9474-1A3956D46DE8}") = "Solution Items", "Solution Items", "{3597CB9C-95D6-4270-A3BE-12A6D3AB86CF}"
	ProjectSection(SolutionItems) = preProject
		README.md = README.md
	EndProjectSection
EndProject
Project("{9A19103F-16F7-4668-BE54-9A1E7A4F7556}") = "MvcJwtClient.Web", "samples\MvcJwtClient.Web\MvcJwtClient.Web.csproj", "{C3996CF3-78A3-4E60-87FF-358971514C6E}"
EndProject
Project("{9A19103F-16F7-4668-BE54-9A1E7A4F7556}") = "ConsoleJwtClient", "samples\ConsoleJwtClient\ConsoleJwtClient.csproj", "{2341D834-50DF-4249-8D5B-CFE34A20B16E}"
EndProject
Project("{9A19103F-16F7-4668-BE54-9A1E7A4F7556}") = "MvcMtlsClient.Web", "samples\MvcMtlsClient.Web\MvcMtlsClient.Web.csproj", "{84170606-4E0E-43F6-B5B5-1E725D921883}"
EndProject
Project("{9A19103F-16F7-4668-BE54-9A1E7A4F7556}") = "MvcPkceClient.Web", "samples\MvcPkceClient.Web\MvcPkceClient.Web.csproj", "{614985A0-A371-43CD-9431-896C53983CE7}"
EndProject
Project("{9A19103F-16F7-4668-BE54-9A1E7A4F7556}") = "MvcJwtPkceClient.Web", "samples\MvcJwtPkceClient.Web\MvcJwtPkceClient.Web.csproj", "{D8F11933-1EAF-4E3A-B6A0-5B1E0A0E5E8C}"
EndProject
Project("{9A19103F-16F7-4668-BE54-9A1E7A4F7556}") = "Api3", "samples\Api3\Api3.csproj", "{89018EFC-142E-48B9-B9FA-CDA7846C11A6}"
EndProject
Project("{9A19103F-16F7-4668-BE54-9A1E7A4F7556}") = "IdentityServer.AdminUi", "src\IdentityServer.AdminUi\IdentityServer.AdminUi.csproj", "{B3F2A4F8-7ADC-4773-9E33-8AC8294E79A6}"
EndProject
Project("{9A19103F-16F7-4668-BE54-9A1E7A4F7556}") = "IdentityServer", "..\IdentityServer4\samples\Quickstarts\5_EntityFramework\src\IdentityServer\IdentityServer.csproj", "{79007970-7680-49AF-A657-3E0D0DFA20F2}"
EndProject
Project("{9A19103F-16F7-4668-BE54-9A1E7A4F7556}") = "IdentityServerAspNetIdentity", "..\IdentityServer4\samples\Quickstarts\6_AspNetIdentity\src\IdentityServerAspNetIdentity\IdentityServerAspNetIdentity.csproj", "{179ACCBC-335F-41E7-B196-00151BE5DCFE}"
EndProject
Global
	GlobalSection(SolutionConfigurationPlatforms) = preSolution
		Debug|Any CPU = Debug|Any CPU
		Release|Any CPU = Release|Any CPU
	EndGlobalSection
	GlobalSection(ProjectConfigurationPlatforms) = postSolution
		{CD3E367E-3EE5-4D49-B2B6-124FD95C1938}.Debug|Any CPU.ActiveCfg = Debug|Any CPU
		{CD3E367E-3EE5-4D49-B2B6-124FD95C1938}.Debug|Any CPU.Build.0 = Debug|Any CPU
		{CD3E367E-3EE5-4D49-B2B6-124FD95C1938}.Release|Any CPU.ActiveCfg = Release|Any CPU
		{CD3E367E-3EE5-4D49-B2B6-124FD95C1938}.Release|Any CPU.Build.0 = Release|Any CPU
		{787315C5-622C-4589-9529-0162F0B00F07}.Debug|Any CPU.ActiveCfg = Debug|Any CPU
		{787315C5-622C-4589-9529-0162F0B00F07}.Debug|Any CPU.Build.0 = Debug|Any CPU
		{787315C5-622C-4589-9529-0162F0B00F07}.Release|Any CPU.ActiveCfg = Release|Any CPU
		{787315C5-622C-4589-9529-0162F0B00F07}.Release|Any CPU.Build.0 = Release|Any CPU
		{74F20C05-4C28-4602-B921-7828858D8137}.Debug|Any CPU.ActiveCfg = Debug|Any CPU
		{74F20C05-4C28-4602-B921-7828858D8137}.Debug|Any CPU.Build.0 = Debug|Any CPU
		{74F20C05-4C28-4602-B921-7828858D8137}.Release|Any CPU.ActiveCfg = Release|Any CPU
		{74F20C05-4C28-4602-B921-7828858D8137}.Release|Any CPU.Build.0 = Release|Any CPU
		{3E636DB0-995F-4675-A2DE-8390490CB063}.Debug|Any CPU.ActiveCfg = Debug|Any CPU
		{3E636DB0-995F-4675-A2DE-8390490CB063}.Debug|Any CPU.Build.0 = Debug|Any CPU
		{3E636DB0-995F-4675-A2DE-8390490CB063}.Release|Any CPU.ActiveCfg = Release|Any CPU
		{3E636DB0-995F-4675-A2DE-8390490CB063}.Release|Any CPU.Build.0 = Release|Any CPU
		{54C86088-F5CC-4D48-A890-FE03413C4F38}.Debug|Any CPU.ActiveCfg = Debug|Any CPU
		{54C86088-F5CC-4D48-A890-FE03413C4F38}.Debug|Any CPU.Build.0 = Debug|Any CPU
		{54C86088-F5CC-4D48-A890-FE03413C4F38}.Release|Any CPU.ActiveCfg = Release|Any CPU
		{54C86088-F5CC-4D48-A890-FE03413C4F38}.Release|Any CPU.Build.0 = Release|Any CPU
		{C3996CF3-78A3-4E60-87FF-358971514C6E}.Debug|Any CPU.ActiveCfg = Debug|Any CPU
		{C3996CF3-78A3-4E60-87FF-358971514C6E}.Debug|Any CPU.Build.0 = Debug|Any CPU
		{C3996CF3-78A3-4E60-87FF-358971514C6E}.Release|Any CPU.ActiveCfg = Release|Any CPU
		{C3996CF3-78A3-4E60-87FF-358971514C6E}.Release|Any CPU.Build.0 = Release|Any CPU
		{2341D834-50DF-4249-8D5B-CFE34A20B16E}.Debug|Any CPU.ActiveCfg = Debug|Any CPU
		{2341D834-50DF-4249-8D5B-CFE34A20B16E}.Debug|Any CPU.Build.0 = Debug|Any CPU
		{2341D834-50DF-4249-8D5B-CFE34A20B16E}.Release|Any CPU.ActiveCfg = Release|Any CPU
		{2341D834-50DF-4249-8D5B-CFE34A20B16E}.Release|Any CPU.Build.0 = Release|Any CPU
		{84170606-4E0E-43F6-B5B5-1E725D921883}.Debug|Any CPU.ActiveCfg = Debug|Any CPU
		{84170606-4E0E-43F6-B5B5-1E725D921883}.Debug|Any CPU.Build.0 = Debug|Any CPU
		{84170606-4E0E-43F6-B5B5-1E725D921883}.Release|Any CPU.ActiveCfg = Release|Any CPU
		{84170606-4E0E-43F6-B5B5-1E725D921883}.Release|Any CPU.Build.0 = Release|Any CPU
		{614985A0-A371-43CD-9431-896C53983CE7}.Debug|Any CPU.ActiveCfg = Debug|Any CPU
		{614985A0-A371-43CD-9431-896C53983CE7}.Debug|Any CPU.Build.0 = Debug|Any CPU
		{614985A0-A371-43CD-9431-896C53983CE7}.Release|Any CPU.ActiveCfg = Release|Any CPU
		{614985A0-A371-43CD-9431-896C53983CE7}.Release|Any CPU.Build.0 = Release|Any CPU
		{D8F11933-1EAF-4E3A-B6A0-5B1E0A0E5E8C}.Debug|Any CPU.ActiveCfg = Debug|Any CPU
		{D8F11933-1EAF-4E3A-B6A0-5B1E0A0E5E8C}.Debug|Any CPU.Build.0 = Debug|Any CPU
		{D8F11933-1EAF-4E3A-B6A0-5B1E0A0E5E8C}.Release|Any CPU.ActiveCfg = Release|Any CPU
		{D8F11933-1EAF-4E3A-B6A0-5B1E0A0E5E8C}.Release|Any CPU.Build.0 = Release|Any CPU
		{89018EFC-142E-48B9-B9FA-CDA7846C11A6}.Debug|Any CPU.ActiveCfg = Debug|Any CPU
		{89018EFC-142E-48B9-B9FA-CDA7846C11A6}.Debug|Any CPU.Build.0 = Debug|Any CPU
		{89018EFC-142E-48B9-B9FA-CDA7846C11A6}.Release|Any CPU.ActiveCfg = Release|Any CPU
		{89018EFC-142E-48B9-B9FA-CDA7846C11A6}.Release|Any CPU.Build.0 = Release|Any CPU
		{B3F2A4F8-7ADC-4773-9E33-8AC8294E79A6}.Debug|Any CPU.ActiveCfg = Debug|Any CPU
		{B3F2A4F8-7ADC-4773-9E33-8AC8294E79A6}.Debug|Any CPU.Build.0 = Debug|Any CPU
		{B3F2A4F8-7ADC-4773-9E33-8AC8294E79A6}.Release|Any CPU.ActiveCfg = Release|Any CPU
		{B3F2A4F8-7ADC-4773-9E33-8AC8294E79A6}.Release|Any CPU.Build.0 = Release|Any CPU
		{79007970-7680-49AF-A657-3E0D0DFA20F2}.Debug|Any CPU.ActiveCfg = Debug|Any CPU
		{79007970-7680-49AF-A657-3E0D0DFA20F2}.Debug|Any CPU.Build.0 = Debug|Any CPU
		{79007970-7680-49AF-A657-3E0D0DFA20F2}.Release|Any CPU.ActiveCfg = Release|Any CPU
		{79007970-7680-49AF-A657-3E0D0DFA20F2}.Release|Any CPU.Build.0 = Release|Any CPU
		{179ACCBC-335F-41E7-B196-00151BE5DCFE}.Debug|Any CPU.ActiveCfg = Debug|Any CPU
		{179ACCBC-335F-41E7-B196-00151BE5DCFE}.Debug|Any CPU.Build.0 = Debug|Any CPU
		{179ACCBC-335F-41E7-B196-00151BE5DCFE}.Release|Any CPU.ActiveCfg = Release|Any CPU
		{179ACCBC-335F-41E7-B196-00151BE5DCFE}.Release|Any CPU.Build.0 = Release|Any CPU
	EndGlobalSection
	GlobalSection(SolutionProperties) = preSolution
		HideSolutionNode = FALSE
	EndGlobalSection
	GlobalSection(ExtensibilityGlobals) = postSolution
		SolutionGuid = {A85117E6-5994-4E86-BD64-06101932F6BA}
	EndGlobalSection
EndGlobal
